// !$*UTF8*$!
{
	archiveVersion = 1;
	classes = {
	};
	objectVersion = 50;
	objects = {

/* Begin PBXBuildFile section */
		83372A53273FF38B0015343B /* AppDelegate.swift in Sources */ = {isa = PBXBuildFile; fileRef = 83372A52273FF38B0015343B /* AppDelegate.swift */; };
		83372A55273FF38B0015343B /* SceneDelegate.swift in Sources */ = {isa = PBXBuildFile; fileRef = 83372A54273FF38B0015343B /* SceneDelegate.swift */; };
		83372A5A273FF38B0015343B /* Main.storyboard in Resources */ = {isa = PBXBuildFile; fileRef = 83372A58273FF38B0015343B /* Main.storyboard */; };
		83372A5D273FF38B0015343B /* My_Daily_Blog.xcdatamodeld in Sources */ = {isa = PBXBuildFile; fileRef = 83372A5B273FF38B0015343B /* My_Daily_Blog.xcdatamodeld */; };
		83372A5F273FF38C0015343B /* Assets.xcassets in Resources */ = {isa = PBXBuildFile; fileRef = 83372A5E273FF38C0015343B /* Assets.xcassets */; };
		83372A62273FF38C0015343B /* LaunchScreen.storyboard in Resources */ = {isa = PBXBuildFile; fileRef = 83372A60273FF38C0015343B /* LaunchScreen.storyboard */; };
		83372A6D273FF38C0015343B /* My_Daily_BlogTests.swift in Sources */ = {isa = PBXBuildFile; fileRef = 83372A6C273FF38C0015343B /* My_Daily_BlogTests.swift */; };
		83372A78273FF38C0015343B /* My_Daily_BlogUITests.swift in Sources */ = {isa = PBXBuildFile; fileRef = 83372A77273FF38C0015343B /* My_Daily_BlogUITests.swift */; };
		83B6015627428539007CF345 /* BlogEntry.swift in Sources */ = {isa = PBXBuildFile; fileRef = 83B6015527428539007CF345 /* BlogEntry.swift */; };
		83B6015E274286DF007CF345 /* BlogEntriesTableViewController.swift in Sources */ = {isa = PBXBuildFile; fileRef = 83B6015D274286DF007CF345 /* BlogEntriesTableViewController.swift */; };
		83B601632742876D007CF345 /* BlogEntryViewController.swift in Sources */ = {isa = PBXBuildFile; fileRef = 83B601622742876C007CF345 /* BlogEntryViewController.swift */; };
/* End PBXBuildFile section */

/* Begin PBXContainerItemProxy section */
		83372A69273FF38C0015343B /* PBXContainerItemProxy */ = {
			isa = PBXContainerItemProxy;
			containerPortal = 83372A47273FF38B0015343B /* Project object */;
			proxyType = 1;
			remoteGlobalIDString = 83372A4E273FF38B0015343B;
			remoteInfo = "My Daily Blog";
		};
		83372A74273FF38C0015343B /* PBXContainerItemProxy */ = {
			isa = PBXContainerItemProxy;
			containerPortal = 83372A47273FF38B0015343B /* Project object */;
			proxyType = 1;
			remoteGlobalIDString = 83372A4E273FF38B0015343B;
			remoteInfo = "My Daily Blog";
		};
/* End PBXContainerItemProxy section */

/* Begin PBXFileReference section */
		83372A4F273FF38B0015343B /* My Daily Blog.app */ = {isa = PBXFileReference; explicitFileType = wrapper.application; includeInIndex = 0; path = "My Daily Blog.app"; sourceTree = BUILT_PRODUCTS_DIR; };
		83372A52273FF38B0015343B /* AppDelegate.swift */ = {isa = PBXFileReference; lastKnownFileType = sourcecode.swift; path = AppDelegate.swift; sourceTree = "<group>"; };
		83372A54273FF38B0015343B /* SceneDelegate.swift */ = {isa = PBXFileReference; lastKnownFileType = sourcecode.swift; path = SceneDelegate.swift; sourceTree = "<group>"; };
		83372A59273FF38B0015343B /* Base */ = {isa = PBXFileReference; lastKnownFileType = file.storyboard; name = Base; path = Base.lproj/Main.storyboard; sourceTree = "<group>"; };
		83372A5C273FF38B0015343B /* My_Daily_Blog.xcdatamodel */ = {isa = PBXFileReference; lastKnownFileType = wrapper.xcdatamodel; path = My_Daily_Blog.xcdatamodel; sourceTree = "<group>"; };
		83372A5E273FF38C0015343B /* Assets.xcassets */ = {isa = PBXFileReference; lastKnownFileType = folder.assetcatalog; path = Assets.xcassets; sourceTree = "<group>"; };
		83372A61273FF38C0015343B /* Base */ = {isa = PBXFileReference; lastKnownFileType = file.storyboard; name = Base; path = Base.lproj/LaunchScreen.storyboard; sourceTree = "<group>"; };
		83372A63273FF38C0015343B /* Info.plist */ = {isa = PBXFileReference; lastKnownFileType = text.plist.xml; path = Info.plist; sourceTree = "<group>"; };
		83372A68273FF38C0015343B /* My Daily BlogTests.xctest */ = {isa = PBXFileReference; explicitFileType = wrapper.cfbundle; includeInIndex = 0; path = "My Daily BlogTests.xctest"; sourceTree = BUILT_PRODUCTS_DIR; };
		83372A6C273FF38C0015343B /* My_Daily_BlogTests.swift */ = {isa = PBXFileReference; lastKnownFileType = sourcecode.swift; path = My_Daily_BlogTests.swift; sourceTree = "<group>"; };
		83372A6E273FF38C0015343B /* Info.plist */ = {isa = PBXFileReference; lastKnownFileType = text.plist.xml; path = Info.plist; sourceTree = "<group>"; };
		83372A73273FF38C0015343B /* My Daily BlogUITests.xctest */ = {isa = PBXFileReference; explicitFileType = wrapper.cfbundle; includeInIndex = 0; path = "My Daily BlogUITests.xctest"; sourceTree = BUILT_PRODUCTS_DIR; };
		83372A77273FF38C0015343B /* My_Daily_BlogUITests.swift */ = {isa = PBXFileReference; lastKnownFileType = sourcecode.swift; path = My_Daily_BlogUITests.swift; sourceTree = "<group>"; };
		83372A79273FF38C0015343B /* Info.plist */ = {isa = PBXFileReference; lastKnownFileType = text.plist.xml; path = Info.plist; sourceTree = "<group>"; };
		83B6015527428539007CF345 /* BlogEntry.swift */ = {isa = PBXFileReference; lastKnownFileType = sourcecode.swift; path = BlogEntry.swift; sourceTree = "<group>"; };
		83B6015D274286DF007CF345 /* BlogEntriesTableViewController.swift */ = {isa = PBXFileReference; lastKnownFileType = sourcecode.swift; path = BlogEntriesTableViewController.swift; sourceTree = "<group>"; };
		83B601622742876C007CF345 /* BlogEntryViewController.swift */ = {isa = PBXFileReference; lastKnownFileType = sourcecode.swift; path = BlogEntryViewController.swift; sourceTree = "<group>"; };
/* End PBXFileReference section */

/* Begin PBXFrameworksBuildPhase section */
		83372A4C273FF38B0015343B /* Frameworks */ = {
			isa = PBXFrameworksBuildPhase;
			buildActionMask = 2147483647;
			files = (
			);
			runOnlyForDeploymentPostprocessing = 0;
		};
		83372A65273FF38C0015343B /* Frameworks */ = {
			isa = PBXFrameworksBuildPhase;
			buildActionMask = 2147483647;
			files = (
			);
			runOnlyForDeploymentPostprocessing = 0;
		};
		83372A70273FF38C0015343B /* Frameworks */ = {
			isa = PBXFrameworksBuildPhase;
			buildActionMask = 2147483647;
			files = (
			);
			runOnlyForDeploymentPostprocessing = 0;
		};
/* End PBXFrameworksBuildPhase section */

/* Begin PBXGroup section */
		83372A46273FF38B0015343B = {
			isa = PBXGroup;
			children = (
				83372A51273FF38B0015343B /* My Daily Blog */,
				83372A6B273FF38C0015343B /* My Daily BlogTests */,
				83372A76273FF38C0015343B /* My Daily BlogUITests */,
				83372A50273FF38B0015343B /* Products */,
			);
			sourceTree = "<group>";
		};
		83372A50273FF38B0015343B /* Products */ = {
			isa = PBXGroup;
			children = (
				83372A4F273FF38B0015343B /* My Daily Blog.app */,
				83372A68273FF38C0015343B /* My Daily BlogTests.xctest */,
				83372A73273FF38C0015343B /* My Daily BlogUITests.xctest */,
			);
			name = Products;
			sourceTree = "<group>";
		};
		83372A51273FF38B0015343B /* My Daily Blog */ = {
			isa = PBXGroup;
			children = (
				83372A52273FF38B0015343B /* AppDelegate.swift */,
				83372A54273FF38B0015343B /* SceneDelegate.swift */,
				83372A58273FF38B0015343B /* Main.storyboard */,
				83B601622742876C007CF345 /* BlogEntryViewController.swift */,
				83B6015D274286DF007CF345 /* BlogEntriesTableViewController.swift */,
				83372A5E273FF38C0015343B /* Assets.xcassets */,
				83372A60273FF38C0015343B /* LaunchScreen.storyboard */,
				83372A63273FF38C0015343B /* Info.plist */,
				83372A5B273FF38B0015343B /* My_Daily_Blog.xcdatamodeld */,
				83B6015527428539007CF345 /* BlogEntry.swift */,
			);
			path = "My Daily Blog";
			sourceTree = "<group>";
		};
		83372A6B273FF38C0015343B /* My Daily BlogTests */ = {
			isa = PBXGroup;
			children = (
				83372A6C273FF38C0015343B /* My_Daily_BlogTests.swift */,
				83372A6E273FF38C0015343B /* Info.plist */,
			);
			path = "My Daily BlogTests";
			sourceTree = "<group>";
		};
		83372A76273FF38C0015343B /* My Daily BlogUITests */ = {
			isa = PBXGroup;
			children = (
				83372A77273FF38C0015343B /* My_Daily_BlogUITests.swift */,
				83372A79273FF38C0015343B /* Info.plist */,
			);
			path = "My Daily BlogUITests";
			sourceTree = "<group>";
		};
/* End PBXGroup section */

/* Begin PBXNativeTarget section */
		83372A4E273FF38B0015343B /* My Daily Blog */ = {
			isa = PBXNativeTarget;
			buildConfigurationList = 83372A7C273FF38C0015343B /* Build configuration list for PBXNativeTarget "My Daily Blog" */;
			buildPhases = (
				83372A4B273FF38B0015343B /* Sources */,
				83372A4C273FF38B0015343B /* Frameworks */,
				83372A4D273FF38B0015343B /* Resources */,
			);
			buildRules = (
			);
			dependencies = (
			);
			name = "My Daily Blog";
			productName = "My Daily Blog";
			productReference = 83372A4F273FF38B0015343B /* My Daily Blog.app */;
			productType = "com.apple.product-type.application";
		};
		83372A67273FF38C0015343B /* My Daily BlogTests */ = {
			isa = PBXNativeTarget;
			buildConfigurationList = 83372A7F273FF38C0015343B /* Build configuration list for PBXNativeTarget "My Daily BlogTests" */;
			buildPhases = (
				83372A64273FF38C0015343B /* Sources */,
				83372A65273FF38C0015343B /* Frameworks */,
				83372A66273FF38C0015343B /* Resources */,
			);
			buildRules = (
			);
			dependencies = (
				83372A6A273FF38C0015343B /* PBXTargetDependency */,
			);
			name = "My Daily BlogTests";
			productName = "My Daily BlogTests";
			productReference = 83372A68273FF38C0015343B /* My Daily BlogTests.xctest */;
			productType = "com.apple.product-type.bundle.unit-test";
		};
		83372A72273FF38C0015343B /* My Daily BlogUITests */ = {
			isa = PBXNativeTarget;
			buildConfigurationList = 83372A82273FF38C0015343B /* Build configuration list for PBXNativeTarget "My Daily BlogUITests" */;
			buildPhases = (
				83372A6F273FF38C0015343B /* Sources */,
				83372A70273FF38C0015343B /* Frameworks */,
				83372A71273FF38C0015343B /* Resources */,
			);
			buildRules = (
			);
			dependencies = (
				83372A75273FF38C0015343B /* PBXTargetDependency */,
			);
			name = "My Daily BlogUITests";
			productName = "My Daily BlogUITests";
			productReference = 83372A73273FF38C0015343B /* My Daily BlogUITests.xctest */;
			productType = "com.apple.product-type.bundle.ui-testing";
		};
/* End PBXNativeTarget section */

/* Begin PBXProject section */
		83372A47273FF38B0015343B /* Project object */ = {
			isa = PBXProject;
			attributes = {
				LastSwiftUpdateCheck = 1210;
				LastUpgradeCheck = 1210;
				TargetAttributes = {
					83372A4E273FF38B0015343B = {
						CreatedOnToolsVersion = 12.1;
					};
					83372A67273FF38C0015343B = {
						CreatedOnToolsVersion = 12.1;
						TestTargetID = 83372A4E273FF38B0015343B;
					};
					83372A72273FF38C0015343B = {
						CreatedOnToolsVersion = 12.1;
						TestTargetID = 83372A4E273FF38B0015343B;
					};
				};
			};
			buildConfigurationList = 83372A4A273FF38B0015343B /* Build configuration list for PBXProject "My Daily Blog" */;
			compatibilityVersion = "Xcode 9.3";
			developmentRegion = en;
			hasScannedForEncodings = 0;
			knownRegions = (
				en,
				Base,
			);
			mainGroup = 83372A46273FF38B0015343B;
			productRefGroup = 83372A50273FF38B0015343B /* Products */;
			projectDirPath = "";
			projectRoot = "";
			targets = (
				83372A4E273FF38B0015343B /* My Daily Blog */,
				83372A67273FF38C0015343B /* My Daily BlogTests */,
				83372A72273FF38C0015343B /* My Daily BlogUITests */,
			);
		};
/* End PBXProject section */

/* Begin PBXResourcesBuildPhase section */
		83372A4D273FF38B0015343B /* Resources */ = {
			isa = PBXResourcesBuildPhase;
			buildActionMask = 2147483647;
			files = (
				83372A62273FF38C0015343B /* LaunchScreen.storyboard in Resources */,
				83372A5F273FF38C0015343B /* Assets.xcassets in Resources */,
				83372A5A273FF38B0015343B /* Main.storyboard in Resources */,
			);
			runOnlyForDeploymentPostprocessing = 0;
		};
		83372A66273FF38C0015343B /* Resources */ = {
			isa = PBXResourcesBuildPhase;
			buildActionMask = 2147483647;
			files = (
			);
			runOnlyForDeploymentPostprocessing = 0;
		};
		83372A71273FF38C0015343B /* Resources */ = {
			isa = PBXResourcesBuildPhase;
			buildActionMask = 2147483647;
			files = (
			);
			runOnlyForDeploymentPostprocessing = 0;
		};
/* End PBXResourcesBuildPhase section */

/* Begin PBXSourcesBuildPhase section */
		83372A4B273FF38B0015343B /* Sources */ = {
			isa = PBXSourcesBuildPhase;
			buildActionMask = 2147483647;
			files = (
				83B6015627428539007CF345 /* BlogEntry.swift in Sources */,
				83372A5D273FF38B0015343B /* My_Daily_Blog.xcdatamodeld in Sources */,
				83372A53273FF38B0015343B /* AppDelegate.swift in Sources */,
				83372A55273FF38B0015343B /* SceneDelegate.swift in Sources */,
				83B6015E274286DF007CF345 /* BlogEntriesTableViewController.swift in Sources */,
				83B601632742876D007CF345 /* BlogEntryViewController.swift in Sources */,
			);
			runOnlyForDeploymentPostprocessing = 0;
		};
		83372A64273FF38C0015343B /* Sources */ = {
			isa = PBXSourcesBuildPhase;
			buildActionMask = 2147483647;
			files = (
				83372A6D273FF38C0015343B /* My_Daily_BlogTests.swift in Sources */,
			);
			runOnlyForDeploymentPostprocessing = 0;
		};
		83372A6F273FF38C0015343B /* Sources */ = {
			isa = PBXSourcesBuildPhase;
			buildActionMask = 2147483647;
			files = (
				83372A78273FF38C0015343B /* My_Daily_BlogUITests.swift in Sources */,
			);
			runOnlyForDeploymentPostprocessing = 0;
		};
/* End PBXSourcesBuildPhase section */

/* Begin PBXTargetDependency section */
		83372A6A273FF38C0015343B /* PBXTargetDependency */ = {
			isa = PBXTargetDependency;
			target = 83372A4E273FF38B0015343B /* My Daily Blog */;
			targetProxy = 83372A69273FF38C0015343B /* PBXContainerItemProxy */;
		};
		83372A75273FF38C0015343B /* PBXTargetDependency */ = {
			isa = PBXTargetDependency;
			target = 83372A4E273FF38B0015343B /* My Daily Blog */;
			targetProxy = 83372A74273FF38C0015343B /* PBXContainerItemProxy */;
		};
/* End PBXTargetDependency section */

/* Begin PBXVariantGroup section */
		83372A58273FF38B0015343B /* Main.storyboard */ = {
			isa = PBXVariantGroup;
			children = (
				83372A59273FF38B0015343B /* Base */,
			);
			name = Main.storyboard;
			sourceTree = "<group>";
		};
		83372A60273FF38C0015343B /* LaunchScreen.storyboard */ = {
			isa = PBXVariantGroup;
			children = (
				83372A61273FF38C0015343B /* Base */,
			);
			name = LaunchScreen.storyboard;
			sourceTree = "<group>";
		};
/* End PBXVariantGroup section */

/* Begin XCBuildConfiguration section */
		83372A7A273FF38C0015343B /* Debug */ = {
			isa = XCBuildConfiguration;
			buildSettings = {
				ALWAYS_SEARCH_USER_PATHS = NO;
				CLANG_ANALYZER_NONNULL = YES;
				CLANG_ANALYZER_NUMBER_OBJECT_CONVERSION = YES_AGGRESSIVE;
				CLANG_CXX_LANGUAGE_STANDARD = "gnu++14";
				CLANG_CXX_LIBRARY = "libc++";
				CLANG_ENABLE_MODULES = YES;
				CLANG_ENABLE_OBJC_ARC = YES;
				CLANG_ENABLE_OBJC_WEAK = YES;
				CLANG_WARN_BLOCK_CAPTURE_AUTORELEASING = YES;
				CLANG_WARN_BOOL_CONVERSION = YES;
				CLANG_WARN_COMMA = YES;
				CLANG_WARN_CONSTANT_CONVERSION = YES;
				CLANG_WARN_DEPRECATED_OBJC_IMPLEMENTATIONS = YES;
				CLANG_WARN_DIRECT_OBJC_ISA_USAGE = YES_ERROR;
				CLANG_WARN_DOCUMENTATION_COMMENTS = YES;
				CLANG_WARN_EMPTY_BODY = YES;
				CLANG_WARN_ENUM_CONVERSION = YES;
				CLANG_WARN_INFINITE_RECURSION = YES;
				CLANG_WARN_INT_CONVERSION = YES;
				CLANG_WARN_NON_LITERAL_NULL_CONVERSION = YES;
				CLANG_WARN_OBJC_IMPLICIT_RETAIN_SELF = YES;
				CLANG_WARN_OBJC_LITERAL_CONVERSION = YES;
				CLANG_WARN_OBJC_ROOT_CLASS = YES_ERROR;
				CLANG_WARN_QUOTED_INCLUDE_IN_FRAMEWORK_HEADER = YES;
				CLANG_WARN_RANGE_LOOP_ANALYSIS = YES;
				CLANG_WARN_STRICT_PROTOTYPES = YES;
				CLANG_WARN_SUSPICIOUS_MOVE = YES;
				CLANG_WARN_UNGUARDED_AVAILABILITY = YES_AGGRESSIVE;
				CLANG_WARN_UNREACHABLE_CODE = YES;
				CLANG_WARN__DUPLICATE_METHOD_MATCH = YES;
				COPY_PHASE_STRIP = NO;
				DEBUG_INFORMATION_FORMAT = dwarf;
				ENABLE_STRICT_OBJC_MSGSEND = YES;
				ENABLE_TESTABILITY = YES;
				GCC_C_LANGUAGE_STANDARD = gnu11;
				GCC_DYNAMIC_NO_PIC = NO;
				GCC_NO_COMMON_BLOCKS = YES;
				GCC_OPTIMIZATION_LEVEL = 0;
				GCC_PREPROCESSOR_DEFINITIONS = (
					"DEBUG=1",
					"$(inherited)",
				);
				GCC_WARN_64_TO_32_BIT_CONVERSION = YES;
				GCC_WARN_ABOUT_RETURN_TYPE = YES_ERROR;
				GCC_WARN_UNDECLARED_SELECTOR = YES;
				GCC_WARN_UNINITIALIZED_AUTOS = YES_AGGRESSIVE;
				GCC_WARN_UNUSED_FUNCTION = YES;
				GCC_WARN_UNUSED_VARIABLE = YES;
				IPHONEOS_DEPLOYMENT_TARGET = 14.1;
				MTL_ENABLE_DEBUG_INFO = INCLUDE_SOURCE;
				MTL_FAST_MATH = YES;
				ONLY_ACTIVE_ARCH = YES;
				SDKROOT = iphoneos;
				SWIFT_ACTIVE_COMPILATION_CONDITIONS = DEBUG;
				SWIFT_OPTIMIZATION_LEVEL = "-Onone";
			};
			name = Debug;
		};
		83372A7B273FF38C0015343B /* Release */ = {
			isa = XCBuildConfiguration;
			buildSettings = {
				ALWAYS_SEARCH_USER_PATHS = NO;
				CLANG_ANALYZER_NONNULL = YES;
				CLANG_ANALYZER_NUMBER_OBJECT_CONVERSION = YES_AGGRESSIVE;
				CLANG_CXX_LANGUAGE_STANDARD = "gnu++14";
				CLANG_CXX_LIBRARY = "libc++";
				CLANG_ENABLE_MODULES = YES;
				CLANG_ENABLE_OBJC_ARC = YES;
				CLANG_ENABLE_OBJC_WEAK = YES;
				CLANG_WARN_BLOCK_CAPTURE_AUTORELEASING = YES;
				CLANG_WARN_BOOL_CONVERSION = YES;
				CLANG_WARN_COMMA = YES;
				CLANG_WARN_CONSTANT_CONVERSION = YES;
				CLANG_WARN_DEPRECATED_OBJC_IMPLEMENTATIONS = YES;
				CLANG_WARN_DIRECT_OBJC_ISA_USAGE = YES_ERROR;
				CLANG_WARN_DOCUMENTATION_COMMENTS = YES;
				CLANG_WARN_EMPTY_BODY = YES;
				CLANG_WARN_ENUM_CONVERSION = YES;
				CLANG_WARN_INFINITE_RECURSION = YES;
				CLANG_WARN_INT_CONVERSION = YES;
				CLANG_WARN_NON_LITERAL_NULL_CONVERSION = YES;
				CLANG_WARN_OBJC_IMPLICIT_RETAIN_SELF = YES;
				CLANG_WARN_OBJC_LITERAL_CONVERSION = YES;
				CLANG_WARN_OBJC_ROOT_CLASS = YES_ERROR;
				CLANG_WARN_QUOTED_INCLUDE_IN_FRAMEWORK_HEADER = YES;
				CLANG_WARN_RANGE_LOOP_ANALYSIS = YES;
				CLANG_WARN_STRICT_PROTOTYPES = YES;
				CLANG_WARN_SUSPICIOUS_MOVE = YES;
				CLANG_WARN_UNGUARDED_AVAILABILITY = YES_AGGRESSIVE;
				CLANG_WARN_UNREACHABLE_CODE = YES;
				CLANG_WARN__DUPLICATE_METHOD_MATCH = YES;
				COPY_PHASE_STRIP = NO;
				DEBUG_INFORMATION_FORMAT = "dwarf-with-dsym";
				ENABLE_NS_ASSERTIONS = NO;
				ENABLE_STRICT_OBJC_MSGSEND = YES;
				GCC_C_LANGUAGE_STANDARD = gnu11;
				GCC_NO_COMMON_BLOCKS = YES;
				GCC_WARN_64_TO_32_BIT_CONVERSION = YES;
				GCC_WARN_ABOUT_RETURN_TYPE = YES_ERROR;
				GCC_WARN_UNDECLARED_SELECTOR = YES;
				GCC_WARN_UNINITIALIZED_AUTOS = YES_AGGRESSIVE;
				GCC_WARN_UNUSED_FUNCTION = YES;
				GCC_WARN_UNUSED_VARIABLE = YES;
				IPHONEOS_DEPLOYMENT_TARGET = 14.1;
				MTL_ENABLE_DEBUG_INFO = NO;
				MTL_FAST_MATH = YES;
				SDKROOT = iphoneos;
				SWIFT_COMPILATION_MODE = wholemodule;
				SWIFT_OPTIMIZATION_LEVEL = "-O";
				VALIDATE_PRODUCT = YES;
			};
			name = Release;
		};
		83372A7D273FF38C0015343B /* Debug */ = {
			isa = XCBuildConfiguration;
			buildSettings = {
				ASSETCATALOG_COMPILER_APPICON_NAME = AppIcon;
				ASSETCATALOG_COMPILER_GLOBAL_ACCENT_COLOR_NAME = AccentColor;
				CODE_SIGN_STYLE = Automatic;
				INFOPLIST_FILE = "My Daily Blog/Info.plist";
				LD_RUNPATH_SEARCH_PATHS = (
					"$(inherited)",
					"@executable_path/Frameworks",
				);
				PRODUCT_BUNDLE_IDENTIFIER = "com.niroseab.My-Daily-Blog";
				PRODUCT_NAME = "$(TARGET_NAME)";
				SWIFT_VERSION = 5.0;
				TARGETED_DEVICE_FAMILY = "1,2";
			};
			name = Debug;
		};
		83372A7E273FF38C0015343B /* Release */ = {
			isa = XCBuildConfiguration;
			buildSettings = {
				ASSETCATALOG_COMPILER_APPICON_NAME = AppIcon;
				ASSETCATALOG_COMPILER_GLOBAL_ACCENT_COLOR_NAME = AccentColor;
				CODE_SIGN_STYLE = Automatic;
				INFOPLIST_FILE = "My Daily Blog/Info.plist";
				LD_RUNPATH_SEARCH_PATHS = (
					"$(inherited)",
					"@executable_path/Frameworks",
				);
				PRODUCT_BUNDLE_IDENTIFIER = "com.niroseab.My-Daily-Blog";
				PRODUCT_NAME = "$(TARGET_NAME)";
				SWIFT_VERSION = 5.0;
				TARGETED_DEVICE_FAMILY = "1,2";
			};
			name = Release;
		};
		83372A80273FF38C0015343B /* Debug */ = {
			isa = XCBuildConfiguration;
			buildSettings = {
				ALWAYS_EMBED_SWIFT_STANDARD_LIBRARIES = YES;
				BUNDLE_LOADER = "$(TEST_HOST)";
				CODE_SIGN_STYLE = Automatic;
				INFOPLIST_FILE = "My Daily BlogTests/Info.plist";
				IPHONEOS_DEPLOYMENT_TARGET = 14.1;
				LD_RUNPATH_SEARCH_PATHS = (
					"$(inherited)",
					"@executable_path/Frameworks",
					"@loader_path/Frameworks",
				);
				PRODUCT_BUNDLE_IDENTIFIER = "com.niroseab.My-Daily-BlogTests";
				PRODUCT_NAME = "$(TARGET_NAME)";
				SWIFT_VERSION = 5.0;
				TARGETED_DEVICE_FAMILY = "1,2";
				TEST_HOST = "$(BUILT_PRODUCTS_DIR)/My Daily Blog.app/My Daily Blog";
			};
			name = Debug;
		};
		83372A81273FF38C0015343B /* Release */ = {
			isa = XCBuildConfiguration;
			buildSettings = {
				ALWAYS_EMBED_SWIFT_STANDARD_LIBRARIES = YES;
				BUNDLE_LOADER = "$(TEST_HOST)";
				CODE_SIGN_STYLE = Automatic;
				INFOPLIST_FILE = "My Daily BlogTests/Info.plist";
				IPHONEOS_DEPLOYMENT_TARGET = 14.1;
				LD_RUNPATH_SEARCH_PATHS = (
					"$(inherited)",
					"@executable_path/Frameworks",
					"@loader_path/Frameworks",
				);
				PRODUCT_BUNDLE_IDENTIFIER = "com.niroseab.My-Daily-BlogTests";
				PRODUCT_NAME = "$(TARGET_NAME)";
				SWIFT_VERSION = 5.0;
				TARGETED_DEVICE_FAMILY = "1,2";
				TEST_HOST = "$(BUILT_PRODUCTS_DIR)/My Daily Blog.app/My Daily Blog";
			};
			name = Release;
		};
		83372A83273FF38C0015343B /* Debug */ = {
			isa = XCBuildConfiguration;
			buildSettings = {
				ALWAYS_EMBED_SWIFT_STANDARD_LIBRARIES = YES;
				CODE_SIGN_STYLE = Automatic;
				INFOPLIST_FILE = "My Daily BlogUITests/Info.plist";
				LD_RUNPATH_SEARCH_PATHS = (
					"$(inherited)",
					"@executable_path/Frameworks",
					"@loader_path/Frameworks",
				);
				PRODUCT_BUNDLE_IDENTIFIER = "com.niroseab.My-Daily-BlogUITests";
				PRODUCT_NAME = "$(TARGET_NAME)";
				SWIFT_VERSION = 5.0;
				TARGETED_DEVICE_FAMILY = "1,2";
				TEST_TARGET_NAME = "My Daily Blog";
			};
			name = Debug;
		};
		83372A84273FF38C0015343B /* Release */ = {
			isa = XCBuildConfiguration;
			buildSettings = {
				ALWAYS_EMBED_SWIFT_STANDARD_LIBRARIES = YES;
				CODE_SIGN_STYLE = Automatic;
				INFOPLIST_FILE = "My Daily BlogUITests/Info.plist";
				LD_RUNPATH_SEARCH_PATHS = (
					"$(inherited)",
					"@executable_path/Frameworks",
					"@loader_path/Frameworks",
				);
				PRODUCT_BUNDLE_IDENTIFIER = "com.niroseab.My-Daily-BlogUITests";
				PRODUCT_NAME = "$(TARGET_NAME)";
				SWIFT_VERSION = 5.0;
				TARGETED_DEVICE_FAMILY = "1,2";
				TEST_TARGET_NAME = "My Daily Blog";
			};
			name = Release;
		};
/* End XCBuildConfiguration section */

/* Begin XCConfigurationList section */
		83372A4A273FF38B0015343B /* Build configuration list for PBXProject "My Daily Blog" */ = {
			isa = XCConfigurationList;
			buildConfigurations = (
				83372A7A273FF38C0015343B /* Debug */,
				83372A7B273FF38C0015343B /* Release */,
			);
			defaultConfigurationIsVisible = 0;
			defaultConfigurationName = Release;
		};
		83372A7C273FF38C0015343B /* Build configuration list for PBXNativeTarget "My Daily Blog" */ = {
			isa = XCConfigurationList;
			buildConfigurations = (
				83372A7D273FF38C0015343B /* Debug */,
				83372A7E273FF38C0015343B /* Release */,
			);
			defaultConfigurationIsVisible = 0;
			defaultConfigurationName = Release;
		};
		83372A7F273FF38C0015343B /* Build configuration list for PBXNativeTarget "My Daily BlogTests" */ = {
			isa = XCConfigurationList;
			buildConfigurations = (
				83372A80273FF38C0015343B /* Debug */,
				83372A81273FF38C0015343B /* Release */,
			);
			defaultConfigurationIsVisible = 0;
			defaultConfigurationName = Release;
		};
		83372A82273FF38C0015343B /* Build configuration list for PBXNativeTarget "My Daily BlogUITests" */ = {
			isa = XCConfigurationList;
			buildConfigurations = (
				83372A83273FF38C0015343B /* Debug */,
				83372A84273FF38C0015343B /* Release */,
			);
			defaultConfigurationIsVisible = 0;
			defaultConfigurationName = Release;
		};
/* End XCConfigurationList section */

/* Begin XCVersionGroup section */
		83372A5B273FF38B0015343B /* My_Daily_Blog.xcdatamodeld */ = {
			isa = XCVersionGroup;
			children = (
				83372A5C273FF38B0015343B /* My_Daily_Blog.xcdatamodel */,
			);
			currentVersion = 83372A5C273FF38B0015343B /* My_Daily_Blog.xcdatamodel */;
			path = My_Daily_Blog.xcdatamodeld;
			sourceTree = "<group>";
			versionGroupType = wrapper.xcdatamodel;
		};
/* End XCVersionGroup section */
	};
	rootObject = 83372A47273FF38B0015343B /* Project object */;
}
