// !$*UTF8*$!
{
	archiveVersion = 1;
	classes = {
	};
	objectVersion = 50;
	objects = {

/* Begin PBXBuildFile section */
		833500AD270A0EB700F5A597 /* CountryDefinitionViewController.swift in Sources */ = {isa = PBXBuildFile; fileRef = 833500AC270A0EB700F5A597 /* CountryDefinitionViewController.swift */; };
		83A0976C27393E8900E48A73 /* Coutnry.swift in Sources */ = {isa = PBXBuildFile; fileRef = 83A0976B27393E8900E48A73 /* Coutnry.swift */; };
		83D7E5DD2709B6C4001FED26 /* AppDelegate.swift in Sources */ = {isa = PBXBuildFile; fileRef = 83D7E5DC2709B6C4001FED26 /* AppDelegate.swift */; };
		83D7E5DF2709B6C4001FED26 /* SceneDelegate.swift in Sources */ = {isa = PBXBuildFile; fileRef = 83D7E5DE2709B6C4001FED26 /* SceneDelegate.swift */; };
		83D7E5E42709B6C4001FED26 /* Main.storyboard in Resources */ = {isa = PBXBuildFile; fileRef = 83D7E5E22709B6C4001FED26 /* Main.storyboard */; };
		83D7E5E62709B6C5001FED26 /* Assets.xcassets in Resources */ = {isa = PBXBuildFile; fileRef = 83D7E5E52709B6C5001FED26 /* Assets.xcassets */; };
		83D7E5E92709B6C5001FED26 /* LaunchScreen.storyboard in Resources */ = {isa = PBXBuildFile; fileRef = 83D7E5E72709B6C5001FED26 /* LaunchScreen.storyboard */; };
		83D7E5F32709BB52001FED26 /* CountryTableViewController.swift in Sources */ = {isa = PBXBuildFile; fileRef = 83D7E5F22709BB52001FED26 /* CountryTableViewController.swift */; };
/* End PBXBuildFile section */

/* Begin PBXFileReference section */
		833500AC270A0EB700F5A597 /* CountryDefinitionViewController.swift */ = {isa = PBXFileReference; lastKnownFileType = sourcecode.swift; path = CountryDefinitionViewController.swift; sourceTree = "<group>"; };
		83A0976B27393E8900E48A73 /* Coutnry.swift */ = {isa = PBXFileReference; lastKnownFileType = sourcecode.swift; path = Coutnry.swift; sourceTree = "<group>"; };
		83D7E5D92709B6C4001FED26 /* Country List.app */ = {isa = PBXFileReference; explicitFileType = wrapper.application; includeInIndex = 0; path = "Country List.app"; sourceTree = BUILT_PRODUCTS_DIR; };
		83D7E5DC2709B6C4001FED26 /* AppDelegate.swift */ = {isa = PBXFileReference; lastKnownFileType = sourcecode.swift; path = AppDelegate.swift; sourceTree = "<group>"; };
		83D7E5DE2709B6C4001FED26 /* SceneDelegate.swift */ = {isa = PBXFileReference; lastKnownFileType = sourcecode.swift; path = SceneDelegate.swift; sourceTree = "<group>"; };
		83D7E5E32709B6C4001FED26 /* Base */ = {isa = PBXFileReference; lastKnownFileType = file.storyboard; name = Base; path = Base.lproj/Main.storyboard; sourceTree = "<group>"; };
		83D7E5E52709B6C5001FED26 /* Assets.xcassets */ = {isa = PBXFileReference; lastKnownFileType = folder.assetcatalog; path = Assets.xcassets; sourceTree = "<group>"; };
		83D7E5E82709B6C5001FED26 /* Base */ = {isa = PBXFileReference; lastKnownFileType = file.storyboard; name = Base; path = Base.lproj/LaunchScreen.storyboard; sourceTree = "<group>"; };
		83D7E5EA2709B6C5001FED26 /* Info.plist */ = {isa = PBXFileReference; lastKnownFileType = text.plist.xml; path = Info.plist; sourceTree = "<group>"; };
		83D7E5F22709BB52001FED26 /* CountryTableViewController.swift */ = {isa = PBXFileReference; lastKnownFileType = sourcecode.swift; path = CountryTableViewController.swift; sourceTree = "<group>"; };
/* End PBXFileReference section */

/* Begin PBXFrameworksBuildPhase section */
		83D7E5D62709B6C4001FED26 /* Frameworks */ = {
			isa = PBXFrameworksBuildPhase;
			buildActionMask = 2147483647;
			files = (
			);
			runOnlyForDeploymentPostprocessing = 0;
		};
/* End PBXFrameworksBuildPhase section */

/* Begin PBXGroup section */
		83D7E5D02709B6C4001FED26 = {
			isa = PBXGroup;
			children = (
				83D7E5DB2709B6C4001FED26 /* Country List */,
				83D7E5DA2709B6C4001FED26 /* Products */,
			);
			sourceTree = "<group>";
		};
		83D7E5DA2709B6C4001FED26 /* Products */ = {
			isa = PBXGroup;
			children = (
				83D7E5D92709B6C4001FED26 /* Country List.app */,
			);
			name = Products;
			sourceTree = "<group>";
		};
		83D7E5DB2709B6C4001FED26 /* Country List */ = {
			isa = PBXGroup;
			children = (
				83D7E5DC2709B6C4001FED26 /* AppDelegate.swift */,
				83D7E5DE2709B6C4001FED26 /* SceneDelegate.swift */,
				83D7E5E22709B6C4001FED26 /* Main.storyboard */,
				83D7E5E52709B6C5001FED26 /* Assets.xcassets */,
				83D7E5E72709B6C5001FED26 /* LaunchScreen.storyboard */,
				83D7E5EA2709B6C5001FED26 /* Info.plist */,
				83D7E5F22709BB52001FED26 /* CountryTableViewController.swift */,
				83A0976B27393E8900E48A73 /* Coutnry.swift */,
				833500AC270A0EB700F5A597 /* CountryDefinitionViewController.swift */,
			);
			path = "Country List";
			sourceTree = "<group>";
		};
/* End PBXGroup section */

/* Begin PBXNativeTarget section */
		83D7E5D82709B6C4001FED26 /* Country List */ = {
			isa = PBXNativeTarget;
			buildConfigurationList = 83D7E5ED2709B6C5001FED26 /* Build configuration list for PBXNativeTarget "Country List" */;
			buildPhases = (
				83D7E5D52709B6C4001FED26 /* Sources */,
				83D7E5D62709B6C4001FED26 /* Frameworks */,
				83D7E5D72709B6C4001FED26 /* Resources */,
			);
			buildRules = (
			);
			dependencies = (
			);
			name = "Country List";
			productName = "Country List";
			productReference = 83D7E5D92709B6C4001FED26 /* Country List.app */;
			productType = "com.apple.product-type.application";
		};
/* End PBXNativeTarget section */

/* Begin PBXProject section */
		83D7E5D12709B6C4001FED26 /* Project object */ = {
			isa = PBXProject;
			attributes = {
				LastSwiftUpdateCheck = 1210;
				LastUpgradeCheck = 1210;
				TargetAttributes = {
					83D7E5D82709B6C4001FED26 = {
						CreatedOnToolsVersion = 12.1;
					};
				};
			};
			buildConfigurationList = 83D7E5D42709B6C4001FED26 /* Build configuration list for PBXProject "Country List" */;
			compatibilityVersion = "Xcode 9.3";
			developmentRegion = en;
			hasScannedForEncodings = 0;
			knownRegions = (
				en,
				Base,
			);
			mainGroup = 83D7E5D02709B6C4001FED26;
			productRefGroup = 83D7E5DA2709B6C4001FED26 /* Products */;
			projectDirPath = "";
			projectRoot = "";
			targets = (
				83D7E5D82709B6C4001FED26 /* Country List */,
			);
		};
/* End PBXProject section */

/* Begin PBXResourcesBuildPhase section */
		83D7E5D72709B6C4001FED26 /* Resources */ = {
			isa = PBXResourcesBuildPhase;
			buildActionMask = 2147483647;
			files = (
				83D7E5E92709B6C5001FED26 /* LaunchScreen.storyboard in Resources */,
				83D7E5E62709B6C5001FED26 /* Assets.xcassets in Resources */,
				83D7E5E42709B6C4001FED26 /* Main.storyboard in Resources */,
			);
			runOnlyForDeploymentPostprocessing = 0;
		};
/* End PBXResourcesBuildPhase section */

/* Begin PBXSourcesBuildPhase section */
		83D7E5D52709B6C4001FED26 /* Sources */ = {
			isa = PBXSourcesBuildPhase;
			buildActionMask = 2147483647;
			files = (
				833500AD270A0EB700F5A597 /* CountryDefinitionViewController.swift in Sources */,
				83D7E5DD2709B6C4001FED26 /* AppDelegate.swift in Sources */,
				83A0976C27393E8900E48A73 /* Coutnry.swift in Sources */,
				83D7E5DF2709B6C4001FED26 /* SceneDelegate.swift in Sources */,
				83D7E5F32709BB52001FED26 /* CountryTableViewController.swift in Sources */,
			);
			runOnlyForDeploymentPostprocessing = 0;
		};
/* End PBXSourcesBuildPhase section */

/* Begin PBXVariantGroup section */
		83D7E5E22709B6C4001FED26 /* Main.storyboard */ = {
			isa = PBXVariantGroup;
			children = (
				83D7E5E32709B6C4001FED26 /* Base */,
			);
			name = Main.storyboard;
			sourceTree = "<group>";
		};
		83D7E5E72709B6C5001FED26 /* LaunchScreen.storyboard */ = {
			isa = PBXVariantGroup;
			children = (
				83D7E5E82709B6C5001FED26 /* Base */,
			);
			name = LaunchScreen.storyboard;
			sourceTree = "<group>";
		};
/* End PBXVariantGroup section */

/* Begin XCBuildConfiguration section */
		83D7E5EB2709B6C5001FED26 /* Debug */ = {
			isa = XCBuildConfiguration;
			buildSettings = {
				ALWAYS_SEARCH_USER_PATHS = NO;
				CLANG_ANALYZER_NONNULL = YES;
				CLANG_ANALYZER_NUMBER_OBJECT_CONVERSION = YES_AGGRESSIVE;
				CLANG_CXX_LANGUAGE_STANDARD = "gnu++14";
				CLANG_CXX_LIBRARY = "libc++";
				CLANG_ENABLE_MODULES = YES;
				CLANG_ENABLE_OBJC_ARC = YES;
				CLANG_ENABLE_OBJC_WEAK = YES;
				CLANG_WARN_BLOCK_CAPTURE_AUTORELEASING = YES;
				CLANG_WARN_BOOL_CONVERSION = YES;
				CLANG_WARN_COMMA = YES;
				CLANG_WARN_CONSTANT_CONVERSION = YES;
				CLANG_WARN_DEPRECATED_OBJC_IMPLEMENTATIONS = YES;
				CLANG_WARN_DIRECT_OBJC_ISA_USAGE = YES_ERROR;
				CLANG_WARN_DOCUMENTATION_COMMENTS = YES;
				CLANG_WARN_EMPTY_BODY = YES;
				CLANG_WARN_ENUM_CONVERSION = YES;
				CLANG_WARN_INFINITE_RECURSION = YES;
				CLANG_WARN_INT_CONVERSION = YES;
				CLANG_WARN_NON_LITERAL_NULL_CONVERSION = YES;
				CLANG_WARN_OBJC_IMPLICIT_RETAIN_SELF = YES;
				CLANG_WARN_OBJC_LITERAL_CONVERSION = YES;
				CLANG_WARN_OBJC_ROOT_CLASS = YES_ERROR;
				CLANG_WARN_QUOTED_INCLUDE_IN_FRAMEWORK_HEADER = YES;
				CLANG_WARN_RANGE_LOOP_ANALYSIS = YES;
				CLANG_WARN_STRICT_PROTOTYPES = YES;
				CLANG_WARN_SUSPICIOUS_MOVE = YES;
				CLANG_WARN_UNGUARDED_AVAILABILITY = YES_AGGRESSIVE;
				CLANG_WARN_UNREACHABLE_CODE = YES;
				CLANG_WARN__DUPLICATE_METHOD_MATCH = YES;
				COPY_PHASE_STRIP = NO;
				DEBUG_INFORMATION_FORMAT = dwarf;
				ENABLE_STRICT_OBJC_MSGSEND = YES;
				ENABLE_TESTABILITY = YES;
				GCC_C_LANGUAGE_STANDARD = gnu11;
				GCC_DYNAMIC_NO_PIC = NO;
				GCC_NO_COMMON_BLOCKS = YES;
				GCC_OPTIMIZATION_LEVEL = 0;
				GCC_PREPROCESSOR_DEFINITIONS = (
					"DEBUG=1",
					"$(inherited)",
				);
				GCC_WARN_64_TO_32_BIT_CONVERSION = YES;
				GCC_WARN_ABOUT_RETURN_TYPE = YES_ERROR;
				GCC_WARN_UNDECLARED_SELECTOR = YES;
				GCC_WARN_UNINITIALIZED_AUTOS = YES_AGGRESSIVE;
				GCC_WARN_UNUSED_FUNCTION = YES;
				GCC_WARN_UNUSED_VARIABLE = YES;
				IPHONEOS_DEPLOYMENT_TARGET = 14.1;
				MTL_ENABLE_DEBUG_INFO = INCLUDE_SOURCE;
				MTL_FAST_MATH = YES;
				ONLY_ACTIVE_ARCH = YES;
				SDKROOT = iphoneos;
				SWIFT_ACTIVE_COMPILATION_CONDITIONS = DEBUG;
				SWIFT_OPTIMIZATION_LEVEL = "-Onone";
			};
			name = Debug;
		};
		83D7E5EC2709B6C5001FED26 /* Release */ = {
			isa = XCBuildConfiguration;
			buildSettings = {
				ALWAYS_SEARCH_USER_PATHS = NO;
				CLANG_ANALYZER_NONNULL = YES;
				CLANG_ANALYZER_NUMBER_OBJECT_CONVERSION = YES_AGGRESSIVE;
				CLANG_CXX_LANGUAGE_STANDARD = "gnu++14";
				CLANG_CXX_LIBRARY = "libc++";
				CLANG_ENABLE_MODULES = YES;
				CLANG_ENABLE_OBJC_ARC = YES;
				CLANG_ENABLE_OBJC_WEAK = YES;
				CLANG_WARN_BLOCK_CAPTURE_AUTORELEASING = YES;
				CLANG_WARN_BOOL_CONVERSION = YES;
				CLANG_WARN_COMMA = YES;
				CLANG_WARN_CONSTANT_CONVERSION = YES;
				CLANG_WARN_DEPRECATED_OBJC_IMPLEMENTATIONS = YES;
				CLANG_WARN_DIRECT_OBJC_ISA_USAGE = YES_ERROR;
				CLANG_WARN_DOCUMENTATION_COMMENTS = YES;
				CLANG_WARN_EMPTY_BODY = YES;
				CLANG_WARN_ENUM_CONVERSION = YES;
				CLANG_WARN_INFINITE_RECURSION = YES;
				CLANG_WARN_INT_CONVERSION = YES;
				CLANG_WARN_NON_LITERAL_NULL_CONVERSION = YES;
				CLANG_WARN_OBJC_IMPLICIT_RETAIN_SELF = YES;
				CLANG_WARN_OBJC_LITERAL_CONVERSION = YES;
				CLANG_WARN_OBJC_ROOT_CLASS = YES_ERROR;
				CLANG_WARN_QUOTED_INCLUDE_IN_FRAMEWORK_HEADER = YES;
				CLANG_WARN_RANGE_LOOP_ANALYSIS = YES;
				CLANG_WARN_STRICT_PROTOTYPES = YES;
				CLANG_WARN_SUSPICIOUS_MOVE = YES;
				CLANG_WARN_UNGUARDED_AVAILABILITY = YES_AGGRESSIVE;
				CLANG_WARN_UNREACHABLE_CODE = YES;
				CLANG_WARN__DUPLICATE_METHOD_MATCH = YES;
				COPY_PHASE_STRIP = NO;
				DEBUG_INFORMATION_FORMAT = "dwarf-with-dsym";
				ENABLE_NS_ASSERTIONS = NO;
				ENABLE_STRICT_OBJC_MSGSEND = YES;
				GCC_C_LANGUAGE_STANDARD = gnu11;
				GCC_NO_COMMON_BLOCKS = YES;
				GCC_WARN_64_TO_32_BIT_CONVERSION = YES;
				GCC_WARN_ABOUT_RETURN_TYPE = YES_ERROR;
				GCC_WARN_UNDECLARED_SELECTOR = YES;
				GCC_WARN_UNINITIALIZED_AUTOS = YES_AGGRESSIVE;
				GCC_WARN_UNUSED_FUNCTION = YES;
				GCC_WARN_UNUSED_VARIABLE = YES;
				IPHONEOS_DEPLOYMENT_TARGET = 14.1;
				MTL_ENABLE_DEBUG_INFO = NO;
				MTL_FAST_MATH = YES;
				SDKROOT = iphoneos;
				SWIFT_COMPILATION_MODE = wholemodule;
				SWIFT_OPTIMIZATION_LEVEL = "-O";
				VALIDATE_PRODUCT = YES;
			};
			name = Release;
		};
		83D7E5EE2709B6C5001FED26 /* Debug */ = {
			isa = XCBuildConfiguration;
			buildSettings = {
				ASSETCATALOG_COMPILER_APPICON_NAME = AppIcon;
				ASSETCATALOG_COMPILER_GLOBAL_ACCENT_COLOR_NAME = AccentColor;
				CODE_SIGN_STYLE = Automatic;
				INFOPLIST_FILE = "Country List/Info.plist";
				LD_RUNPATH_SEARCH_PATHS = (
					"$(inherited)",
					"@executable_path/Frameworks",
				);
				PRODUCT_BUNDLE_IDENTIFIER = "com.niroseab.Country-List";
				PRODUCT_NAME = "$(TARGET_NAME)";
				SWIFT_VERSION = 5.0;
				TARGETED_DEVICE_FAMILY = "1,2";
			};
			name = Debug;
		};
		83D7E5EF2709B6C5001FED26 /* Release */ = {
			isa = XCBuildConfiguration;
			buildSettings = {
				ASSETCATALOG_COMPILER_APPICON_NAME = AppIcon;
				ASSETCATALOG_COMPILER_GLOBAL_ACCENT_COLOR_NAME = AccentColor;
				CODE_SIGN_STYLE = Automatic;
				INFOPLIST_FILE = "Country List/Info.plist";
				LD_RUNPATH_SEARCH_PATHS = (
					"$(inherited)",
					"@executable_path/Frameworks",
				);
				PRODUCT_BUNDLE_IDENTIFIER = "com.niroseab.Country-List";
				PRODUCT_NAME = "$(TARGET_NAME)";
				SWIFT_VERSION = 5.0;
				TARGETED_DEVICE_FAMILY = "1,2";
			};
			name = Release;
		};
/* End XCBuildConfiguration section */

/* Begin XCConfigurationList section */
		83D7E5D42709B6C4001FED26 /* Build configuration list for PBXProject "Country List" */ = {
			isa = XCConfigurationList;
			buildConfigurations = (
				83D7E5EB2709B6C5001FED26 /* Debug */,
				83D7E5EC2709B6C5001FED26 /* Release */,
			);
			defaultConfigurationIsVisible = 0;
			defaultConfigurationName = Release;
		};
		83D7E5ED2709B6C5001FED26 /* Build configuration list for PBXNativeTarget "Country List" */ = {
			isa = XCConfigurationList;
			buildConfigurations = (
				83D7E5EE2709B6C5001FED26 /* Debug */,
				83D7E5EF2709B6C5001FED26 /* Release */,
			);
			defaultConfigurationIsVisible = 0;
			defaultConfigurationName = Release;
		};
/* End XCConfigurationList section */
	};
	rootObject = 83D7E5D12709B6C4001FED26 /* Project object */;
}
